<?xml version="1.0" encoding="utf-8"?>
<Project ToolsVersion="4.0" xmlns="http://schemas.microsoft.com/developer/msbuild/2003">
  <ItemGroup>
    <Filter Include="Archivos de origen">
      <UniqueIdentifier>{4FC737F1-C7A5-4376-A066-2A32D752A2FF}</UniqueIdentifier>
      <Extensions>cpp;c;cc;cxx;def;odl;idl;hpj;bat;asm;asmx</Extensions>
    </Filter>
    <Filter Include="Archivos de encabezado">
      <UniqueIdentifier>{93995380-89BD-4b04-88EB-625FBE52EBFB}</UniqueIdentifier>
      <Extensions>h;hh;hpp;hxx;hm;inl;inc;xsd</Extensions>
    </Filter>
    <Filter Include="Archivos de recursos">
      <UniqueIdentifier>{67DA6AB6-F800-4c08-8B7A-83BB121AAD01}</UniqueIdentifier>
      <Extensions>rc;ico;cur;bmp;dlg;rc2;rct;bin;rgs;gif;jpg;jpeg;jpe;resx;tiff;tif;png;wav;mfcribbon-ms</Extensions>
    </Filter>
    <Filter Include="Archivos de origen\core">
      <UniqueIdentifier>{0f604753-6c03-4291-b65c-9dff9fc2928d}</UniqueIdentifier>
    </Filter>
    <Filter Include="Archivos de encabezado\core">
      <UniqueIdentifier>{a154456a-5962-4903-9047-f89e59728dd6}</UniqueIdentifier>
    </Filter>
    <Filter Include="Archivos de encabezado\scene_graph">
      <UniqueIdentifier>{cf15c7a6-f93e-43c8-a0da-e106bcd4b096}</UniqueIdentifier>
    </Filter>
    <Filter Include="Archivos de encabezado\scene_graph\Entities">
      <UniqueIdentifier>{5b0b2a2a-747b-4b68-b1f6-b8b508a58359}</UniqueIdentifier>
    </Filter>
    <Filter Include="Archivos de encabezado\rendering">
      <UniqueIdentifier>{92f80d1c-0e7f-41b5-9f52-685a6cfb52c1}</UniqueIdentifier>
    </Filter>
    <Filter Include="Archivos de encabezado\physics">
      <UniqueIdentifier>{679f2a38-931d-4c05-8d58-82d4b2ef2f4c}</UniqueIdentifier>
    </Filter>
    <Filter Include="Archivos de encabezado\misc">
      <UniqueIdentifier>{518437fa-16ca-4871-9319-bc7b508b8453}</UniqueIdentifier>
    </Filter>
    <Filter Include="Archivos de origen\components">
      <UniqueIdentifier>{3487c06e-5b58-4d65-acf6-21cb36cc7f8b}</UniqueIdentifier>
    </Filter>
    <Filter Include="Archivos de origen\misc">
      <UniqueIdentifier>{28bab65a-2530-4e44-8cc9-aa5449cf82f5}</UniqueIdentifier>
    </Filter>
    <Filter Include="Archivos de origen\physics">
      <UniqueIdentifier>{e0e698b8-3755-4385-845f-13fcfdd60cf5}</UniqueIdentifier>
    </Filter>
    <Filter Include="Archivos de origen\rendering">
      <UniqueIdentifier>{ee79c815-d0ba-4942-a30f-32c816d5c8cd}</UniqueIdentifier>
    </Filter>
    <Filter Include="Archivos de origen\scene_graph">
      <UniqueIdentifier>{7023b10c-be3a-4cb1-ac94-9e32450b09dd}</UniqueIdentifier>
    </Filter>
    <Filter Include="Archivos de origen\scene_graph\entities">
      <UniqueIdentifier>{541b8d59-37a8-4627-8154-e8446ab369de}</UniqueIdentifier>
    </Filter>
    <Filter Include="Archivos de encabezado\components">
      <UniqueIdentifier>{438143df-b6a1-4dfb-9c40-f3fa1a4eddd5}</UniqueIdentifier>
    </Filter>
  </ItemGroup>
  <ItemGroup>
    <ClInclude Include="components\Animation.h">
      <Filter>Archivos de encabezado\components</Filter>
    </ClInclude>
    <ClInclude Include="components\BoxCollider.h">
      <Filter>Archivos de encabezado\components</Filter>
    </ClInclude>
    <ClInclude Include="components\Component.h">
      <Filter>Archivos de encabezado\components</Filter>
    </ClInclude>
    <ClInclude Include="components\Material.h">
      <Filter>Archivos de encabezado\components</Filter>
    </ClInclude>
    <ClInclude Include="components\Mesh.h">
      <Filter>Archivos de encabezado\components</Filter>
    </ClInclude>
    <ClInclude Include="components\RigidBody.h">
      <Filter>Archivos de encabezado\components</Filter>
    </ClInclude>
    <ClInclude Include="components\Transform.h">
      <Filter>Archivos de encabezado\components</Filter>
    </ClInclude>
    <ClInclude Include="core\GameBase.h">
      <Filter>Archivos de encabezado\core</Filter>
    </ClInclude>
    <ClInclude Include="core\InputHandler.h">
      <Filter>Archivos de encabezado\core</Filter>
    </ClInclude>
    <ClInclude Include="core\Window.h">
      <Filter>Archivos de encabezado\core</Filter>
    </ClInclude>
    <ClInclude Include="misc\Exports.h">
      <Filter>Archivos de encabezado\misc</Filter>
    </ClInclude>
    <ClInclude Include="misc\Plane.h">
      <Filter>Archivos de encabezado\misc</Filter>
    </ClInclude>
    <ClInclude Include="misc\Time.h">
      <Filter>Archivos de encabezado\misc</Filter>
    </ClInclude>
    <ClInclude Include="misc\TypeDefs.h">
      <Filter>Archivos de encabezado\misc</Filter>
    </ClInclude>
    <ClInclude Include="physics\PhysicsManager.h">
      <Filter>Archivos de encabezado\physics</Filter>
    </ClInclude>
    <ClInclude Include="physics\SimulationEventCallback.h">
      <Filter>Archivos de encabezado\physics</Filter>
    </ClInclude>
    <ClInclude Include="rendering\OBJ_Loader.h">
      <Filter>Archivos de encabezado\rendering</Filter>
    </ClInclude>
    <ClInclude Include="rendering\Renderer.h">
      <Filter>Archivos de encabezado\rendering</Filter>
    </ClInclude>
    <ClInclude Include="rendering\TextureLoader.h">
      <Filter>Archivos de encabezado\rendering</Filter>
    </ClInclude>
    <ClInclude Include="scene_graph\entities\Camera.h">
      <Filter>Archivos de encabezado\scene_graph\Entities</Filter>
    </ClInclude>
    <ClInclude Include="scene_graph\entities\Circle.h">
      <Filter>Archivos de encabezado\scene_graph\Entities</Filter>
    </ClInclude>
    <ClInclude Include="scene_graph\entities\ColorShape.h">
      <Filter>Archivos de encabezado\scene_graph\Entities</Filter>
    </ClInclude>
    <ClInclude Include="scene_graph\entities\Entity.h">
      <Filter>Archivos de encabezado\scene_graph\Entities</Filter>
    </ClInclude>
    <ClInclude Include="scene_graph\entities\LandingPad.h">
      <Filter>Archivos de encabezado\scene_graph\Entities</Filter>
    </ClInclude>
    <ClInclude Include="scene_graph\entities\Scene.h">
      <Filter>Archivos de encabezado\scene_graph\Entities</Filter>
    </ClInclude>
    <ClInclude Include="scene_graph\entities\Shape.h">
      <Filter>Archivos de encabezado\scene_graph\Entities</Filter>
    </ClInclude>
    <ClInclude Include="scene_graph\entities\Sprite.h">
      <Filter>Archivos de encabezado\scene_graph\Entities</Filter>
    </ClInclude>
    <ClInclude Include="scene_graph\entities\Suzzane.h">
      <Filter>Archivos de encabezado\scene_graph\Entities</Filter>
    </ClInclude>
    <ClInclude Include="scene_graph\entities\Terrain.h">
      <Filter>Archivos de encabezado\scene_graph\Entities</Filter>
    </ClInclude>
    <ClInclude Include="scene_graph\entities\TextureShape.h">
      <Filter>Archivos de encabezado\scene_graph\Entities</Filter>
    </ClInclude>
    <ClInclude Include="scene_graph\entities\Tilemap.h">
      <Filter>Archivos de encabezado\scene_graph\Entities</Filter>
    </ClInclude>
    <ClInclude Include="scene_graph\entities\Triangle.h">
      <Filter>Archivos de encabezado\scene_graph\Entities</Filter>
    </ClInclude>
    <ClInclude Include="scene_graph\SceneNode.h">
      <Filter>Archivos de encabezado\scene_graph</Filter>
    </ClInclude>
  </ItemGroup>
  <ItemGroup>
    <ClCompile Include="components\Animation.cpp">
      <Filter>Archivos de origen\components</Filter>
    </ClCompile>
    <ClCompile Include="components\BoxCollider.cpp">
      <Filter>Archivos de origen\components</Filter>
    </ClCompile>
    <ClCompile Include="components\Component.cpp">
      <Filter>Archivos de origen\components</Filter>
    </ClCompile>
    <ClCompile Include="components\Material.cpp">
      <Filter>Archivos de origen\components</Filter>
    </ClCompile>
    <ClCompile Include="components\Mesh.cpp">
      <Filter>Archivos de origen\components</Filter>
    </ClCompile>
    <ClCompile Include="components\RigidBody.cpp">
      <Filter>Archivos de origen\components</Filter>
    </ClCompile>
    <ClCompile Include="components\Transform.cpp">
      <Filter>Archivos de origen\components</Filter>
    </ClCompile>
    <ClCompile Include="core\GameBase.cpp">
      <Filter>Archivos de origen\core</Filter>
    </ClCompile>
    <ClCompile Include="core\InputHandler.cpp">
      <Filter>Archivos de origen\core</Filter>
    </ClCompile>
    <ClCompile Include="core\Window.cpp">
      <Filter>Archivos de origen\core</Filter>
    </ClCompile>
    <ClCompile Include="misc\Plane.cpp">
      <Filter>Archivos de origen\misc</Filter>
    </ClCompile>
    <ClCompile Include="misc\Time.cpp">
      <Filter>Archivos de origen\misc</Filter>
    </ClCompile>
    <ClCompile Include="physics\PhysicsManager.cpp">
      <Filter>Archivos de origen\physics</Filter>
    </ClCompile>
    <ClCompile Include="physics\SimulationEventCallback.cpp">
      <Filter>Archivos de origen\physics</Filter>
    </ClCompile>
    <ClCompile Include="rendering\OBJ_Loader.cpp">
      <Filter>Archivos de origen\rendering</Filter>
    </ClCompile>
    <ClCompile Include="rendering\Renderer.cpp">
      <Filter>Archivos de origen\rendering</Filter>
    </ClCompile>
    <ClCompile Include="rendering\TextureLoader.cpp">
      <Filter>Archivos de origen\rendering</Filter>
    </ClCompile>
    <ClCompile Include="scene_graph\entities\Camera.cpp">
      <Filter>Archivos de origen\scene_graph\entities</Filter>
    </ClCompile>
    <ClCompile Include="scene_graph\entities\Circle.cpp">
      <Filter>Archivos de origen\scene_graph\entities</Filter>
    </ClCompile>
    <ClCompile Include="scene_graph\entities\ColorShape.cpp">
      <Filter>Archivos de origen\scene_graph\entities</Filter>
    </ClCompile>
    <ClCompile Include="scene_graph\entities\Entity.cpp">
      <Filter>Archivos de origen\scene_graph\entities</Filter>
    </ClCompile>
    <ClCompile Include="scene_graph\entities\LandingPad.cpp">
      <Filter>Archivos de origen\scene_graph\entities</Filter>
    </ClCompile>
    <ClCompile Include="scene_graph\entities\Scene.cpp">
      <Filter>Archivos de origen\scene_graph\entities</Filter>
    </ClCompile>
    <ClCompile Include="scene_graph\entities\Shape.cpp">
      <Filter>Archivos de origen\scene_graph\entities</Filter>
    </ClCompile>
    <ClCompile Include="scene_graph\entities\Sprite.cpp">
      <Filter>Archivos de origen\scene_graph\entities</Filter>
    </ClCompile>
    <ClCompile Include="scene_graph\entities\Suzzane.cpp">
      <Filter>Archivos de origen\scene_graph\entities</Filter>
    </ClCompile>
    <ClCompile Include="scene_graph\entities\Terrain.cpp">
      <Filter>Archivos de origen\scene_graph\entities</Filter>
    </ClCompile>
    <ClCompile Include="scene_graph\entities\TextureShape.cpp">
      <Filter>Archivos de origen\scene_graph\entities</Filter>
    </ClCompile>
    <ClCompile Include="scene_graph\entities\Tilemap.cpp">
      <Filter>Archivos de origen\scene_graph\entities</Filter>
    </ClCompile>
    <ClCompile Include="scene_graph\entities\Triangle.cpp">
      <Filter>Archivos de origen\scene_graph\entities</Filter>
    </ClCompile>
    <ClCompile Include="scene_graph\SceneNode.cpp">
      <Filter>Archivos de origen\scene_graph</Filter>
    </ClCompile>
  </ItemGroup>
</Project>